
Microsoft Visual Studio Solution File, Format Version 12.00
# Visual Studio Version 17
VisualStudioVersion = 17.6.33829.357
MinimumVisualStudioVersion = 10.0.40219.1
Project("{FAE04EC0-301F-11D3-BF4B-00C04F79EFBC}") = "Sosoem.FiscalAPI.Dtos", "Sosoem.FiscalAPI.Dtos.csproj", "{7381F1E3-7CAE-45CF-8679-743210D48116}"
EndProject
Global
	GlobalSection(SolutionConfigurationPlatforms) = preSolution
		Debug|Any CPU = Debug|Any CPU
		Release|Any CPU = Release|Any CPU
	EndGlobalSection
	GlobalSection(ProjectConfigurationPlatforms) = postSolution
		{7381F1E3-7CAE-45CF-8679-743210D48116}.Debug|Any CPU.ActiveCfg = Debug|Any CPU
		{7381F1E3-7CAE-45CF-8679-743210D48116}.Debug|Any CPU.Build.0 = Debug|Any CPU
		{7381F1E3-7CAE-45CF-8679-743210D48116}.Release|Any CPU.ActiveCfg = Release|Any CPU
		{7381F1E3-7CAE-45CF-8679-743210D48116}.Release|Any CPU.Build.0 = Release|Any CPU
	EndGlobalSection
	GlobalSection(SolutionProperties) = preSolution
		HideSolutionNode = FALSE
	EndGlobalSection
	GlobalSection(ExtensibilityGlobals) = postSolution
		SolutionGuid = {5EC8E30F-2746-4A9A-8EE4-F6D444A9CA54}
	EndGlobalSection
EndGlobal
